
Microsoft Visual Studio Solution File, Format Version 12.00
# Visual Studio Version 17
VisualStudioVersion = 17.14.36717.8
MinimumVisualStudioVersion = 10.0.40219.1
Project("{FAE04EC0-301F-11D3-BF4B-00C04F79EFBC}") = "ConsolesEJogosJoaoGabApp", "ConsolesEJogosJoaoGabApp\ConsolesEJogosJoaoGabApp.csproj", "{A2AACFBE-DAB2-4BD6-A4FD-734F1268D3AB}"
EndProject
Global
	GlobalSection(SolutionConfigurationPlatforms) = preSolution
		Debug|Any CPU = Debug|Any CPU
		Release|Any CPU = Release|Any CPU
	EndGlobalSection
	GlobalSection(ProjectConfigurationPlatforms) = postSolution
		{A2AACFBE-DAB2-4BD6-A4FD-734F1268D3AB}.Debug|Any CPU.ActiveCfg = Debug|Any CPU
		{A2AACFBE-DAB2-4BD6-A4FD-734F1268D3AB}.Debug|Any CPU.Build.0 = Debug|Any CPU
		{A2AACFBE-DAB2-4BD6-A4FD-734F1268D3AB}.Release|Any CPU.ActiveCfg = Release|Any CPU
		{A2AACFBE-DAB2-4BD6-A4FD-734F1268D3AB}.Release|Any CPU.Build.0 = Release|Any CPU
	EndGlobalSection
	GlobalSection(SolutionProperties) = preSolution
		HideSolutionNode = FALSE
	EndGlobalSection
	GlobalSection(ExtensibilityGlobals) = postSolution
		SolutionGuid = {307AB246-64AC-4CD0-B2C2-B9815D109C3C}
	EndGlobalSection
EndGlobal
